
Microsoft Visual Studio Solution File, Format Version 12.00
# Visual Studio Version 16
VisualStudioVersion = 16.0.29306.81
MinimumVisualStudioVersion = 10.0.40219.1
Project("{FAE04EC0-301F-11D3-BF4B-00C04F79EFBC}") = "final_assign", "final_assign.csproj", "{1E8F8D76-30AC-4146-B53B-5BF39FF87078}"
EndProject
Global
	GlobalSection(SolutionConfigurationPlatforms) = preSolution
		Debug|Any CPU = Debug|Any CPU
		Release|Any CPU = Release|Any CPU
	EndGlobalSection
	GlobalSection(ProjectConfigurationPlatforms) = postSolution
		{1E8F8D76-30AC-4146-B53B-5BF39FF87078}.Debug|Any CPU.ActiveCfg = Debug|Any CPU
		{1E8F8D76-30AC-4146-B53B-5BF39FF87078}.Debug|Any CPU.Build.0 = Debug|Any CPU
		{1E8F8D76-30AC-4146-B53B-5BF39FF87078}.Release|Any CPU.ActiveCfg = Release|Any CPU
		{1E8F8D76-30AC-4146-B53B-5BF39FF87078}.Release|Any CPU.Build.0 = Release|Any CPU
	EndGlobalSection
	GlobalSection(SolutionProperties) = preSolution
		HideSolutionNode = FALSE
	EndGlobalSection
	GlobalSection(ExtensibilityGlobals) = postSolution
		SolutionGuid = {D4639ABA-D3E8-494E-9A16-9EA5C77070E7}
	EndGlobalSection
EndGlobal
